// !$*UTF8*$!
{
	archiveVersion = 1;
	classes = {
	};
	objectVersion = 46;
	objects = {

/* Begin PBXBuildFile section */
		091949AB15A8AB11009E9AFC /* info.png in Resources */ = {isa = PBXBuildFile; fileRef = 091949AA15A8AB11009E9AFC /* info.png */; };
		09269DA115B1850A00ED90DB /* ArachneesCard.png in Resources */ = {isa = PBXBuildFile; fileRef = 09269D9215B1850A00ED90DB /* ArachneesCard.png */; };
		09269DA215B1850A00ED90DB /* ChampigneuxCard.png in Resources */ = {isa = PBXBuildFile; fileRef = 09269D9315B1850A00ED90DB /* ChampigneuxCard.png */; };
		09269DA315B1850A00ED90DB /* CultistesCard.png in Resources */ = {isa = PBXBuildFile; fileRef = 09269D9415B1850A00ED90DB /* CultistesCard.png */; };
		09269DA415B1850A00ED90DB /* ElfesNoirsCard.png in Resources */ = {isa = PBXBuildFile; fileRef = 09269D9515B1850A00ED90DB /* ElfesNoirsCard.png */; };
		09269DA515B1850A00ED90DB /* FeuxFolletsCard.png in Resources */ = {isa = PBXBuildFile; fileRef = 09269D9615B1850A00ED90DB /* FeuxFolletsCard.png */; };
		09269DA615B1850A00ED90DB /* FlammesCard.png in Resources */ = {isa = PBXBuildFile; fileRef = 09269D9715B1850A00ED90DB /* FlammesCard.png */; };
		09269DA715B1850A00ED90DB /* GekkosCard.png in Resources */ = {isa = PBXBuildFile; fileRef = 09269D9815B1850A00ED90DB /* GekkosCard.png */; };
		09269DA815B1850A00ED90DB /* GnomesCard.png in Resources */ = {isa = PBXBuildFile; fileRef = 09269D9915B1850A00ED90DB /* GnomesCard.png */; };
		09269DA915B1850A00ED90DB /* GolemsCard.png in Resources */ = {isa = PBXBuildFile; fileRef = 09269D9A15B1850A00ED90DB /* GolemsCard.png */; };
		09269DAA15B1850A00ED90DB /* LichesCard.png in Resources */ = {isa = PBXBuildFile; fileRef = 09269D9B15B1850A00ED90DB /* LichesCard.png */; };
		09269DAB15B1850A00ED90DB /* MimicsCard.png in Resources */ = {isa = PBXBuildFile; fileRef = 09269D9C15B1850A00ED90DB /* MimicsCard.png */; };
		09269DAC15B1850A00ED90DB /* MomiesCard.png in Resources */ = {isa = PBXBuildFile; fileRef = 09269D9D15B1850A00ED90DB /* MomiesCard.png */; };
		09269DAD15B1850A00ED90DB /* NainsDeFerCard.png in Resources */ = {isa = PBXBuildFile; fileRef = 09269D9E15B1850A00ED90DB /* NainsDeFerCard.png */; };
		09269DAE15B1850A00ED90DB /* OgresCard.png in Resources */ = {isa = PBXBuildFile; fileRef = 09269D9F15B1850A00ED90DB /* OgresCard.png */; };
		09269DAF15B1850A00ED90DB /* PoulpeusesCard.png in Resources */ = {isa = PBXBuildFile; fileRef = 09269DA015B1850A00ED90DB /* PoulpeusesCard.png */; };
		0933D74615A8B153004A9523 /* PygmiesCard.png in Resources */ = {isa = PBXBuildFile; fileRef = 0933D74415A8B153004A9523 /* PygmiesCard.png */; };
		0933D74715A8B153004A9523 /* PixiesCard.png in Resources */ = {isa = PBXBuildFile; fileRef = 0933D74515A8B153004A9523 /* PixiesCard.png */; };
		093C06F815A828C800841051 /* Amazon_Token.png in Resources */ = {isa = PBXBuildFile; fileRef = 093C06E515A828C800841051 /* Amazon_Token.png */; };
		093C06F915A828C800841051 /* Dwarf_Token.png in Resources */ = {isa = PBXBuildFile; fileRef = 093C06E615A828C800841051 /* Dwarf_Token.png */; };
		093C06FA15A828C800841051 /* Elf_Token.png in Resources */ = {isa = PBXBuildFile; fileRef = 093C06E715A828C800841051 /* Elf_Token.png */; };
		093C06FB15A828C800841051 /* Ghoul_Token.png in Resources */ = {isa = PBXBuildFile; fileRef = 093C06E815A828C800841051 /* Ghoul_Token.png */; };
		093C06FC15A828C800841051 /* Giant_Token.png in Resources */ = {isa = PBXBuildFile; fileRef = 093C06E915A828C800841051 /* Giant_Token.png */; };
		093C06FD15A828C800841051 /* Goblin_Token.png in Resources */ = {isa = PBXBuildFile; fileRef = 093C06EA15A828C800841051 /* Goblin_Token.png */; };
		093C06FE15A828C800841051 /* Gypsy_Token.png in Resources */ = {isa = PBXBuildFile; fileRef = 093C06EB15A828C800841051 /* Gypsy_Token.png */; };
		093C06FF15A828C800841051 /* Halfling_Token.png in Resources */ = {isa = PBXBuildFile; fileRef = 093C06EC15A828C800841051 /* Halfling_Token.png */; };
		093C070015A828C800841051 /* Human_Token.png in Resources */ = {isa = PBXBuildFile; fileRef = 093C06ED15A828C800841051 /* Human_Token.png */; };
		093C070115A828C800841051 /* Kobold_Token.png in Resources */ = {isa = PBXBuildFile; fileRef = 093C06EE15A828C800841051 /* Kobold_Token.png */; };
		093C070215A828C800841051 /* Orc_Token.png in Resources */ = {isa = PBXBuildFile; fileRef = 093C06EF15A828C800841051 /* Orc_Token.png */; };
		093C070315A828C800841051 /* Priestress_Token.png in Resources */ = {isa = PBXBuildFile; fileRef = 093C06F015A828C800841051 /* Priestress_Token.png */; };
		093C070415A828C800841051 /* Ratman_Token.png in Resources */ = {isa = PBXBuildFile; fileRef = 093C06F115A828C800841051 /* Ratman_Token.png */; };
		093C070515A828C800841051 /* Skeleton_Token.png in Resources */ = {isa = PBXBuildFile; fileRef = 093C06F215A828C800841051 /* Skeleton_Token.png */; };
		093C070615A828C800841051 /* Sorcerer_Token.png in Resources */ = {isa = PBXBuildFile; fileRef = 093C06F315A828C800841051 /* Sorcerer_Token.png */; };
		093C070715A828C800841051 /* Triton_Token.png in Resources */ = {isa = PBXBuildFile; fileRef = 093C06F415A828C800841051 /* Triton_Token.png */; };
		093C070815A828C800841051 /* Troll_Token.png in Resources */ = {isa = PBXBuildFile; fileRef = 093C06F515A828C800841051 /* Troll_Token.png */; };
		093C070915A828C800841051 /* WhiteLady_Token.png in Resources */ = {isa = PBXBuildFile; fileRef = 093C06F615A828C800841051 /* WhiteLady_Token.png */; };
		093C070A15A828C800841051 /* Wizard_Token.png in Resources */ = {isa = PBXBuildFile; fileRef = 093C06F715A828C800841051 /* Wizard_Token.png */; };
		093C072015A8329900841051 /* AmazonCard.png in Resources */ = {isa = PBXBuildFile; fileRef = 093C070D15A8329900841051 /* AmazonCard.png */; };
		093C072115A8329900841051 /* DwarfCard.png in Resources */ = {isa = PBXBuildFile; fileRef = 093C070E15A8329900841051 /* DwarfCard.png */; };
		093C072215A8329900841051 /* ElfCard.png in Resources */ = {isa = PBXBuildFile; fileRef = 093C070F15A8329900841051 /* ElfCard.png */; };
		093C072315A8329900841051 /* GhoulCard.png in Resources */ = {isa = PBXBuildFile; fileRef = 093C071015A8329900841051 /* GhoulCard.png */; };
		093C072415A8329900841051 /* GiantCard.png in Resources */ = {isa = PBXBuildFile; fileRef = 093C071115A8329900841051 /* GiantCard.png */; };
		093C072515A8329900841051 /* GoblinCard.png in Resources */ = {isa = PBXBuildFile; fileRef = 093C071215A8329900841051 /* GoblinCard.png */; };
		093C072615A8329900841051 /* GypsyCard.png in Resources */ = {isa = PBXBuildFile; fileRef = 093C071315A8329900841051 /* GypsyCard.png */; };
		093C072715A8329900841051 /* HalflingCard.png in Resources */ = {isa = PBXBuildFile; fileRef = 093C071415A8329900841051 /* HalflingCard.png */; };
		093C072815A8329900841051 /* HumanCard.png in Resources */ = {isa = PBXBuildFile; fileRef = 093C071515A8329900841051 /* HumanCard.png */; };
		093C072915A8329900841051 /* KoboldCard.png in Resources */ = {isa = PBXBuildFile; fileRef = 093C071615A8329900841051 /* KoboldCard.png */; };
		093C072A15A8329900841051 /* OrcCard.png in Resources */ = {isa = PBXBuildFile; fileRef = 093C071715A8329900841051 /* OrcCard.png */; };
		093C072B15A8329900841051 /* PriestressCard.png in Resources */ = {isa = PBXBuildFile; fileRef = 093C071815A8329900841051 /* PriestressCard.png */; };
		093C072C15A8329900841051 /* RatmanCard.png in Resources */ = {isa = PBXBuildFile; fileRef = 093C071915A8329900841051 /* RatmanCard.png */; };
		093C072D15A8329900841051 /* SkeletonCard.png in Resources */ = {isa = PBXBuildFile; fileRef = 093C071A15A8329900841051 /* SkeletonCard.png */; };
		093C072E15A8329900841051 /* SorcererCard.png in Resources */ = {isa = PBXBuildFile; fileRef = 093C071B15A8329900841051 /* SorcererCard.png */; };
		093C072F15A8329900841051 /* TritonCard.png in Resources */ = {isa = PBXBuildFile; fileRef = 093C071C15A8329900841051 /* TritonCard.png */; };
		093C073015A8329900841051 /* TrollCard.png in Resources */ = {isa = PBXBuildFile; fileRef = 093C071D15A8329900841051 /* TrollCard.png */; };
		093C073115A8329900841051 /* WhiteLadyCard.png in Resources */ = {isa = PBXBuildFile; fileRef = 093C071E15A8329900841051 /* WhiteLadyCard.png */; };
		093C073215A8329900841051 /* WizardCard.png in Resources */ = {isa = PBXBuildFile; fileRef = 093C071F15A8329900841051 /* WizardCard.png */; };
		093C074F15A83B7A00841051 /* AlchemistCard.png in Resources */ = {isa = PBXBuildFile; fileRef = 093C073415A83B7A00841051 /* AlchemistCard.png */; };
		093C075015A83B7A00841051 /* BerserkCard.png in Resources */ = {isa = PBXBuildFile; fileRef = 093C073515A83B7A00841051 /* BerserkCard.png */; };
		093C075115A83B7A00841051 /* BivouackingCard.png in Resources */ = {isa = PBXBuildFile; fileRef = 093C073615A83B7A00841051 /* BivouackingCard.png */; };
		093C075215A83B7A00841051 /* CommandoCard.png in Resources */ = {isa = PBXBuildFile; fileRef = 093C073715A83B7A00841051 /* CommandoCard.png */; };
		093C075315A83B7A00841051 /* CursedCard.png in Resources */ = {isa = PBXBuildFile; fileRef = 093C073815A83B7A00841051 /* CursedCard.png */; };
		093C075415A83B7A00841051 /* DiplomatCard.png in Resources */ = {isa = PBXBuildFile; fileRef = 093C073915A83B7A00841051 /* DiplomatCard.png */; };
		093C075515A83B7A00841051 /* DragonMasterCard.png in Resources */ = {isa = PBXBuildFile; fileRef = 093C073A15A83B7A00841051 /* DragonMasterCard.png */; };
		093C075615A83B7A00841051 /* FlyingCard.png in Resources */ = {isa = PBXBuildFile; fileRef = 093C073B15A83B7A00841051 /* FlyingCard.png */; };
		093C075715A83B7A00841051 /* ForestCard.png in Resources */ = {isa = PBXBuildFile; fileRef = 093C073C15A83B7A00841051 /* ForestCard.png */; };
		093C075815A83B7A00841051 /* FortifiedCard.png in Resources */ = {isa = PBXBuildFile; fileRef = 093C073D15A83B7A00841051 /* FortifiedCard.png */; };
		093C075915A83B7A00841051 /* HeroicCard.png in Resources */ = {isa = PBXBuildFile; fileRef = 093C073E15A83B7A00841051 /* HeroicCard.png */; };
		093C075A15A83B7A00841051 /* HillCard.png in Resources */ = {isa = PBXBuildFile; fileRef = 093C073F15A83B7A00841051 /* HillCard.png */; };
		093C075B15A83B7A00841051 /* HistorianCard.png in Resources */ = {isa = PBXBuildFile; fileRef = 093C074015A83B7A00841051 /* HistorianCard.png */; };
		093C075C15A83B7A00841051 /* HordesOfCard.png in Resources */ = {isa = PBXBuildFile; fileRef = 093C074115A83B7A00841051 /* HordesOfCard.png */; };
		093C075D15A83B7A00841051 /* MaraudingCard.png in Resources */ = {isa = PBXBuildFile; fileRef = 093C074215A83B7A00841051 /* MaraudingCard.png */; };
		093C075E15A83B7A00841051 /* MerchantCard.png in Resources */ = {isa = PBXBuildFile; fileRef = 093C074315A83B7A00841051 /* MerchantCard.png */; };
		093C075F15A83B7A00841051 /* MountedCard.png in Resources */ = {isa = PBXBuildFile; fileRef = 093C074415A83B7A00841051 /* MountedCard.png */; };
		093C076015A83B7A00841051 /* PeaceLovingCard.png in Resources */ = {isa = PBXBuildFile; fileRef = 093C074515A83B7A00841051 /* PeaceLovingCard.png */; };
		093C076115A83B7A00841051 /* PillagingCard.png in Resources */ = {isa = PBXBuildFile; fileRef = 093C074615A83B7A00841051 /* PillagingCard.png */; };
		093C076215A83B7A00841051 /* RansackingCard.png in Resources */ = {isa = PBXBuildFile; fileRef = 093C074715A83B7A00841051 /* RansackingCard.png */; };
		093C076315A83B7A00841051 /* SeafaringCard.png in Resources */ = {isa = PBXBuildFile; fileRef = 093C074815A83B7A00841051 /* SeafaringCard.png */; };
		093C076415A83B7A00841051 /* SpiritCard.png in Resources */ = {isa = PBXBuildFile; fileRef = 093C074915A83B7A00841051 /* SpiritCard.png */; };
		093C076515A83B7A00841051 /* StoutCard.png in Resources */ = {isa = PBXBuildFile; fileRef = 093C074A15A83B7A00841051 /* StoutCard.png */; };
		093C076615A83B7A00841051 /* SwampCard.png in Resources */ = {isa = PBXBuildFile; fileRef = 093C074B15A83B7A00841051 /* SwampCard.png */; };
		093C076715A83B7A00841051 /* UnderworldCard.png in Resources */ = {isa = PBXBuildFile; fileRef = 093C074C15A83B7A00841051 /* UnderworldCard.png */; };
		093C076815A83B7A00841051 /* WealthyCard.png in Resources */ = {isa = PBXBuildFile; fileRef = 093C074D15A83B7A00841051 /* WealthyCard.png */; };
		093C076915A83B7A00841051 /* WereCard.png in Resources */ = {isa = PBXBuildFile; fileRef = 093C074E15A83B7A00841051 /* WereCard.png */; };
		093C076B15A8402300841051 /* Icon@2x.png in Resources */ = {isa = PBXBuildFile; fileRef = 093C076A15A8402300841051 /* Icon@2x.png */; };
		093C076D15A8402600841051 /* Icon57x57.png in Resources */ = {isa = PBXBuildFile; fileRef = 093C076C15A8402600841051 /* Icon57x57.png */; };
		095D955E15A897D800C71929 /* Barbarians_Token.png in Resources */ = {isa = PBXBuildFile; fileRef = 095D955915A897D800C71929 /* Barbarians_Token.png */; };
		095D955F15A897D800C71929 /* Leprechauns_Token.png in Resources */ = {isa = PBXBuildFile; fileRef = 095D955A15A897D800C71929 /* Leprechauns_Token.png */; };
		095D956015A897D800C71929 /* Pixies_Token.png in Resources */ = {isa = PBXBuildFile; fileRef = 095D955B15A897D800C71929 /* Pixies_Token.png */; };
		095D956115A897D800C71929 /* Homunculi_Token.png in Resources */ = {isa = PBXBuildFile; fileRef = 095D955C15A897D800C71929 /* Homunculi_Token.png */; };
		095D956215A897D800C71929 /* Pygmies_Token.png in Resources */ = {isa = PBXBuildFile; fileRef = 095D955D15A897D800C71929 /* Pygmies_Token.png */; };
		095D956915A89B0700C71929 /* HomunculiCard.png in Resources */ = {isa = PBXBuildFile; fileRef = 095D956415A89B0700C71929 /* HomunculiCard.png */; };
		095D956B15A89B0700C71929 /* LeprechaunsCard.png in Resources */ = {isa = PBXBuildFile; fileRef = 095D956615A89B0700C71929 /* LeprechaunsCard.png */; };
		095D956C15A89B0700C71929 /* BarbariansCard.png in Resources */ = {isa = PBXBuildFile; fileRef = 095D956715A89B0700C71929 /* BarbariansCard.png */; };
		095D957415A89DFB00C71929 /* BarricadeCard.png in Resources */ = {isa = PBXBuildFile; fileRef = 095D956F15A89DFB00C71929 /* BarricadeCard.png */; };
		095D957515A89DFB00C71929 /* MercenaryCard.png in Resources */ = {isa = PBXBuildFile; fileRef = 095D957015A89DFB00C71929 /* MercenaryCard.png */; };
		095D957615A89DFB00C71929 /* ImperialCard.png in Resources */ = {isa = PBXBuildFile; fileRef = 095D957115A89DFB00C71929 /* ImperialCard.png */; };
		095D957715A89DFB00C71929 /* CorruptCard.png in Resources */ = {isa = PBXBuildFile; fileRef = 095D957215A89DFB00C71929 /* CorruptCard.png */; };
		095D957815A89DFB00C71929 /* CatapultCard.png in Resources */ = {isa = PBXBuildFile; fileRef = 095D957315A89DFB00C71929 /* CatapultCard.png */; };
		096C3BA315A8A683006E511B /* Default@2x.png in Resources */ = {isa = PBXBuildFile; fileRef = 096C3BA215A8A683006E511B /* Default@2x.png */; };
		096C3BA515A8A685006E511B /* Default.png in Resources */ = {isa = PBXBuildFile; fileRef = 096C3BA415A8A685006E511B /* Default.png */; };
		A8DF347E1597376600ABE4DB /* HBSFirstViewDetailController.m in Sources */ = {isa = PBXBuildFile; fileRef = A8DF347D1597376600ABE4DB /* HBSFirstViewDetailController.m */; };
		A8E455501594F7330065C9FE /* UIKit.framework in Frameworks */ = {isa = PBXBuildFile; fileRef = A8E4554F1594F7330065C9FE /* UIKit.framework */; };
		A8E455521594F7330065C9FE /* Foundation.framework in Frameworks */ = {isa = PBXBuildFile; fileRef = A8E455511594F7330065C9FE /* Foundation.framework */; };
		A8E455541594F7330065C9FE /* CoreGraphics.framework in Frameworks */ = {isa = PBXBuildFile; fileRef = A8E455531594F7330065C9FE /* CoreGraphics.framework */; };
		A8E4555A1594F7330065C9FE /* InfoPlist.strings in Resources */ = {isa = PBXBuildFile; fileRef = A8E455581594F7330065C9FE /* InfoPlist.strings */; };
		A8E4555C1594F7330065C9FE /* main.m in Sources */ = {isa = PBXBuildFile; fileRef = A8E4555B1594F7330065C9FE /* main.m */; };
		A8E455601594F7330065C9FE /* HBSAppDelegate.m in Sources */ = {isa = PBXBuildFile; fileRef = A8E4555F1594F7330065C9FE /* HBSAppDelegate.m */; };
		A8E455631594F7330065C9FE /* MainStoryboard.storyboard in Resources */ = {isa = PBXBuildFile; fileRef = A8E455611594F7330065C9FE /* MainStoryboard.storyboard */; };
		A8E455661594F7330065C9FE /* HBSFirstViewController.m in Sources */ = {isa = PBXBuildFile; fileRef = A8E455651594F7330065C9FE /* HBSFirstViewController.m */; };
		A8E455681594F7330065C9FE /* first.png in Resources */ = {isa = PBXBuildFile; fileRef = A8E455671594F7330065C9FE /* first.png */; };
		A8E4556A1594F7330065C9FE /* first@2x.png in Resources */ = {isa = PBXBuildFile; fileRef = A8E455691594F7330065C9FE /* first@2x.png */; };
		A8E4556D1594F7330065C9FE /* HBSSecondViewController.m in Sources */ = {isa = PBXBuildFile; fileRef = A8E4556C1594F7330065C9FE /* HBSSecondViewController.m */; };
		A8E4556F1594F7330065C9FE /* second.png in Resources */ = {isa = PBXBuildFile; fileRef = A8E4556E1594F7330065C9FE /* second.png */; };
		A8E455711594F7330065C9FE /* second@2x.png in Resources */ = {isa = PBXBuildFile; fileRef = A8E455701594F7330065C9FE /* second@2x.png */; };
		A8E455801594F84D0065C9FE /* Peuple.m in Sources */ = {isa = PBXBuildFile; fileRef = A8E4557B1594F84D0065C9FE /* Peuple.m */; };
		A8E455811594F84D0065C9FE /* Peuple+Extensions.m in Sources */ = {isa = PBXBuildFile; fileRef = A8E4557D1594F84D0065C9FE /* Peuple+Extensions.m */; };
		A8E455821594F84D0065C9FE /* sw_peuples.plist in Resources */ = {isa = PBXBuildFile; fileRef = A8E4557F1594F84D0065C9FE /* sw_peuples.plist */; };
		A8E455861594F8950065C9FE /* Model.xcdatamodeld in Sources */ = {isa = PBXBuildFile; fileRef = A8E455841594F8950065C9FE /* Model.xcdatamodeld */; };
		A8E45588159503CE0065C9FE /* CoreData.framework in Frameworks */ = {isa = PBXBuildFile; fileRef = A8E45587159503CE0065C9FE /* CoreData.framework */; };
		A8E4D9EE15A22551009E7966 /* sw_pouvoirs.plist in Resources */ = {isa = PBXBuildFile; fileRef = A8E4D9ED15A22551009E7966 /* sw_pouvoirs.plist */; };
		A8E4D9F215A225B2009E7966 /* Pouvoir.m in Sources */ = {isa = PBXBuildFile; fileRef = A8E4D9F115A225B2009E7966 /* Pouvoir.m */; };
		A8E4D9F415A2265E009E7966 /* Pouvoir+Extensions.m in Sources */ = {isa = PBXBuildFile; fileRef = A8E4D9F315A2265E009E7966 /* Pouvoir+Extensions.m */; };
/* End PBXBuildFile section */

/* Begin PBXFileReference section */
		091949AA15A8AB11009E9AFC /* info.png */ = {isa = PBXFileReference; lastKnownFileType = image.png; path = info.png; sourceTree = "<group>"; };
		09269D9215B1850A00ED90DB /* ArachneesCard.png */ = {isa = PBXFileReference; lastKnownFileType = image.png; path = ArachneesCard.png; sourceTree = "<group>"; };
		09269D9315B1850A00ED90DB /* ChampigneuxCard.png */ = {isa = PBXFileReference; lastKnownFileType = image.png; path = ChampigneuxCard.png; sourceTree = "<group>"; };
		09269D9415B1850A00ED90DB /* CultistesCard.png */ = {isa = PBXFileReference; lastKnownFileType = image.png; path = CultistesCard.png; sourceTree = "<group>"; };
		09269D9515B1850A00ED90DB /* ElfesNoirsCard.png */ = {isa = PBXFileReference; lastKnownFileType = image.png; path = ElfesNoirsCard.png; sourceTree = "<group>"; };
		09269D9615B1850A00ED90DB /* FeuxFolletsCard.png */ = {isa = PBXFileReference; lastKnownFileType = image.png; path = FeuxFolletsCard.png; sourceTree = "<group>"; };
		09269D9715B1850A00ED90DB /* FlammesCard.png */ = {isa = PBXFileReference; lastKnownFileType = image.png; path = FlammesCard.png; sourceTree = "<group>"; };
		09269D9815B1850A00ED90DB /* GekkosCard.png */ = {isa = PBXFileReference; lastKnownFileType = image.png; path = GekkosCard.png; sourceTree = "<group>"; };
		09269D9915B1850A00ED90DB /* GnomesCard.png */ = {isa = PBXFileReference; lastKnownFileType = image.png; path = GnomesCard.png; sourceTree = "<group>"; };
		09269D9A15B1850A00ED90DB /* GolemsCard.png */ = {isa = PBXFileReference; lastKnownFileType = image.png; path = GolemsCard.png; sourceTree = "<group>"; };
		09269D9B15B1850A00ED90DB /* LichesCard.png */ = {isa = PBXFileReference; lastKnownFileType = image.png; path = LichesCard.png; sourceTree = "<group>"; };
		09269D9C15B1850A00ED90DB /* MimicsCard.png */ = {isa = PBXFileReference; lastKnownFileType = image.png; path = MimicsCard.png; sourceTree = "<group>"; };
		09269D9D15B1850A00ED90DB /* MomiesCard.png */ = {isa = PBXFileReference; lastKnownFileType = image.png; path = MomiesCard.png; sourceTree = "<group>"; };
		09269D9E15B1850A00ED90DB /* NainsDeFerCard.png */ = {isa = PBXFileReference; lastKnownFileType = image.png; path = NainsDeFerCard.png; sourceTree = "<group>"; };
		09269D9F15B1850A00ED90DB /* OgresCard.png */ = {isa = PBXFileReference; lastKnownFileType = image.png; path = OgresCard.png; sourceTree = "<group>"; };
		09269DA015B1850A00ED90DB /* PoulpeusesCard.png */ = {isa = PBXFileReference; lastKnownFileType = image.png; path = PoulpeusesCard.png; sourceTree = "<group>"; };
		0933D74415A8B153004A9523 /* PygmiesCard.png */ = {isa = PBXFileReference; lastKnownFileType = image.png; path = PygmiesCard.png; sourceTree = "<group>"; };
		0933D74515A8B153004A9523 /* PixiesCard.png */ = {isa = PBXFileReference; lastKnownFileType = image.png; path = PixiesCard.png; sourceTree = "<group>"; };
		093C06E515A828C800841051 /* Amazon_Token.png */ = {isa = PBXFileReference; lastKnownFileType = image.png; path = Amazon_Token.png; sourceTree = "<group>"; };
		093C06E615A828C800841051 /* Dwarf_Token.png */ = {isa = PBXFileReference; lastKnownFileType = image.png; path = Dwarf_Token.png; sourceTree = "<group>"; };
		093C06E715A828C800841051 /* Elf_Token.png */ = {isa = PBXFileReference; lastKnownFileType = image.png; path = Elf_Token.png; sourceTree = "<group>"; };
		093C06E815A828C800841051 /* Ghoul_Token.png */ = {isa = PBXFileReference; lastKnownFileType = image.png; path = Ghoul_Token.png; sourceTree = "<group>"; };
		093C06E915A828C800841051 /* Giant_Token.png */ = {isa = PBXFileReference; lastKnownFileType = image.png; path = Giant_Token.png; sourceTree = "<group>"; };
		093C06EA15A828C800841051 /* Goblin_Token.png */ = {isa = PBXFileReference; lastKnownFileType = image.png; path = Goblin_Token.png; sourceTree = "<group>"; };
		093C06EB15A828C800841051 /* Gypsy_Token.png */ = {isa = PBXFileReference; lastKnownFileType = image.png; path = Gypsy_Token.png; sourceTree = "<group>"; };
		093C06EC15A828C800841051 /* Halfling_Token.png */ = {isa = PBXFileReference; lastKnownFileType = image.png; path = Halfling_Token.png; sourceTree = "<group>"; };
		093C06ED15A828C800841051 /* Human_Token.png */ = {isa = PBXFileReference; lastKnownFileType = image.png; path = Human_Token.png; sourceTree = "<group>"; };
		093C06EE15A828C800841051 /* Kobold_Token.png */ = {isa = PBXFileReference; lastKnownFileType = image.png; path = Kobold_Token.png; sourceTree = "<group>"; };
		093C06EF15A828C800841051 /* Orc_Token.png */ = {isa = PBXFileReference; lastKnownFileType = image.png; path = Orc_Token.png; sourceTree = "<group>"; };
		093C06F015A828C800841051 /* Priestress_Token.png */ = {isa = PBXFileReference; lastKnownFileType = image.png; path = Priestress_Token.png; sourceTree = "<group>"; };
		093C06F115A828C800841051 /* Ratman_Token.png */ = {isa = PBXFileReference; lastKnownFileType = image.png; path = Ratman_Token.png; sourceTree = "<group>"; };
		093C06F215A828C800841051 /* Skeleton_Token.png */ = {isa = PBXFileReference; lastKnownFileType = image.png; path = Skeleton_Token.png; sourceTree = "<group>"; };
		093C06F315A828C800841051 /* Sorcerer_Token.png */ = {isa = PBXFileReference; lastKnownFileType = image.png; path = Sorcerer_Token.png; sourceTree = "<group>"; };
		093C06F415A828C800841051 /* Triton_Token.png */ = {isa = PBXFileReference; lastKnownFileType = image.png; path = Triton_Token.png; sourceTree = "<group>"; };
		093C06F515A828C800841051 /* Troll_Token.png */ = {isa = PBXFileReference; lastKnownFileType = image.png; path = Troll_Token.png; sourceTree = "<group>"; };
		093C06F615A828C800841051 /* WhiteLady_Token.png */ = {isa = PBXFileReference; lastKnownFileType = image.png; path = WhiteLady_Token.png; sourceTree = "<group>"; };
		093C06F715A828C800841051 /* Wizard_Token.png */ = {isa = PBXFileReference; lastKnownFileType = image.png; path = Wizard_Token.png; sourceTree = "<group>"; };
		093C070D15A8329900841051 /* AmazonCard.png */ = {isa = PBXFileReference; lastKnownFileType = image.png; path = AmazonCard.png; sourceTree = "<group>"; };
		093C070E15A8329900841051 /* DwarfCard.png */ = {isa = PBXFileReference; lastKnownFileType = image.png; path = DwarfCard.png; sourceTree = "<group>"; };
		093C070F15A8329900841051 /* ElfCard.png */ = {isa = PBXFileReference; lastKnownFileType = image.png; path = ElfCard.png; sourceTree = "<group>"; };
		093C071015A8329900841051 /* GhoulCard.png */ = {isa = PBXFileReference; lastKnownFileType = image.png; path = GhoulCard.png; sourceTree = "<group>"; };
		093C071115A8329900841051 /* GiantCard.png */ = {isa = PBXFileReference; lastKnownFileType = image.png; path = GiantCard.png; sourceTree = "<group>"; };
		093C071215A8329900841051 /* GoblinCard.png */ = {isa = PBXFileReference; lastKnownFileType = image.png; path = GoblinCard.png; sourceTree = "<group>"; };
		093C071315A8329900841051 /* GypsyCard.png */ = {isa = PBXFileReference; lastKnownFileType = image.png; path = GypsyCard.png; sourceTree = "<group>"; };
		093C071415A8329900841051 /* HalflingCard.png */ = {isa = PBXFileReference; lastKnownFileType = image.png; path = HalflingCard.png; sourceTree = "<group>"; };
		093C071515A8329900841051 /* HumanCard.png */ = {isa = PBXFileReference; lastKnownFileType = image.png; path = HumanCard.png; sourceTree = "<group>"; };
		093C071615A8329900841051 /* KoboldCard.png */ = {isa = PBXFileReference; lastKnownFileType = image.png; path = KoboldCard.png; sourceTree = "<group>"; };
		093C071715A8329900841051 /* OrcCard.png */ = {isa = PBXFileReference; lastKnownFileType = image.png; path = OrcCard.png; sourceTree = "<group>"; };
		093C071815A8329900841051 /* PriestressCard.png */ = {isa = PBXFileReference; lastKnownFileType = image.png; path = PriestressCard.png; sourceTree = "<group>"; };
		093C071915A8329900841051 /* RatmanCard.png */ = {isa = PBXFileReference; lastKnownFileType = image.png; path = RatmanCard.png; sourceTree = "<group>"; };
		093C071A15A8329900841051 /* SkeletonCard.png */ = {isa = PBXFileReference; lastKnownFileType = image.png; path = SkeletonCard.png; sourceTree = "<group>"; };
		093C071B15A8329900841051 /* SorcererCard.png */ = {isa = PBXFileReference; lastKnownFileType = image.png; path = SorcererCard.png; sourceTree = "<group>"; };
		093C071C15A8329900841051 /* TritonCard.png */ = {isa = PBXFileReference; lastKnownFileType = image.png; path = TritonCard.png; sourceTree = "<group>"; };
		093C071D15A8329900841051 /* TrollCard.png */ = {isa = PBXFileReference; lastKnownFileType = image.png; path = TrollCard.png; sourceTree = "<group>"; };
		093C071E15A8329900841051 /* WhiteLadyCard.png */ = {isa = PBXFileReference; lastKnownFileType = image.png; path = WhiteLadyCard.png; sourceTree = "<group>"; };
		093C071F15A8329900841051 /* WizardCard.png */ = {isa = PBXFileReference; lastKnownFileType = image.png; path = WizardCard.png; sourceTree = "<group>"; };
		093C073415A83B7A00841051 /* AlchemistCard.png */ = {isa = PBXFileReference; lastKnownFileType = image.png; path = AlchemistCard.png; sourceTree = "<group>"; };
		093C073515A83B7A00841051 /* BerserkCard.png */ = {isa = PBXFileReference; lastKnownFileType = image.png; path = BerserkCard.png; sourceTree = "<group>"; };
		093C073615A83B7A00841051 /* BivouackingCard.png */ = {isa = PBXFileReference; lastKnownFileType = image.png; path = BivouackingCard.png; sourceTree = "<group>"; };
		093C073715A83B7A00841051 /* CommandoCard.png */ = {isa = PBXFileReference; lastKnownFileType = image.png; path = CommandoCard.png; sourceTree = "<group>"; };
		093C073815A83B7A00841051 /* CursedCard.png */ = {isa = PBXFileReference; lastKnownFileType = image.png; path = CursedCard.png; sourceTree = "<group>"; };
		093C073915A83B7A00841051 /* DiplomatCard.png */ = {isa = PBXFileReference; lastKnownFileType = image.png; path = DiplomatCard.png; sourceTree = "<group>"; };
		093C073A15A83B7A00841051 /* DragonMasterCard.png */ = {isa = PBXFileReference; lastKnownFileType = image.png; path = DragonMasterCard.png; sourceTree = "<group>"; };
		093C073B15A83B7A00841051 /* FlyingCard.png */ = {isa = PBXFileReference; lastKnownFileType = image.png; path = FlyingCard.png; sourceTree = "<group>"; };
		093C073C15A83B7A00841051 /* ForestCard.png */ = {isa = PBXFileReference; lastKnownFileType = image.png; path = ForestCard.png; sourceTree = "<group>"; };
		093C073D15A83B7A00841051 /* FortifiedCard.png */ = {isa = PBXFileReference; lastKnownFileType = image.png; path = FortifiedCard.png; sourceTree = "<group>"; };
		093C073E15A83B7A00841051 /* HeroicCard.png */ = {isa = PBXFileReference; lastKnownFileType = image.png; path = HeroicCard.png; sourceTree = "<group>"; };
		093C073F15A83B7A00841051 /* HillCard.png */ = {isa = PBXFileReference; lastKnownFileType = image.png; path = HillCard.png; sourceTree = "<group>"; };
		093C074015A83B7A00841051 /* HistorianCard.png */ = {isa = PBXFileReference; lastKnownFileType = image.png; path = HistorianCard.png; sourceTree = "<group>"; };
		093C074115A83B7A00841051 /* HordesOfCard.png */ = {isa = PBXFileReference; lastKnownFileType = image.png; path = HordesOfCard.png; sourceTree = "<group>"; };
		093C074215A83B7A00841051 /* MaraudingCard.png */ = {isa = PBXFileReference; lastKnownFileType = image.png; path = MaraudingCard.png; sourceTree = "<group>"; };
		093C074315A83B7A00841051 /* MerchantCard.png */ = {isa = PBXFileReference; lastKnownFileType = image.png; path = MerchantCard.png; sourceTree = "<group>"; };
		093C074415A83B7A00841051 /* MountedCard.png */ = {isa = PBXFileReference; lastKnownFileType = image.png; path = MountedCard.png; sourceTree = "<group>"; };
		093C074515A83B7A00841051 /* PeaceLovingCard.png */ = {isa = PBXFileReference; lastKnownFileType = image.png; path = PeaceLovingCard.png; sourceTree = "<group>"; };
		093C074615A83B7A00841051 /* PillagingCard.png */ = {isa = PBXFileReference; lastKnownFileType = image.png; path = PillagingCard.png; sourceTree = "<group>"; };
		093C074715A83B7A00841051 /* RansackingCard.png */ = {isa = PBXFileReference; lastKnownFileType = image.png; path = RansackingCard.png; sourceTree = "<group>"; };
		093C074815A83B7A00841051 /* SeafaringCard.png */ = {isa = PBXFileReference; lastKnownFileType = image.png; path = SeafaringCard.png; sourceTree = "<group>"; };
		093C074915A83B7A00841051 /* SpiritCard.png */ = {isa = PBXFileReference; lastKnownFileType = image.png; path = SpiritCard.png; sourceTree = "<group>"; };
		093C074A15A83B7A00841051 /* StoutCard.png */ = {isa = PBXFileReference; lastKnownFileType = image.png; path = StoutCard.png; sourceTree = "<group>"; };
		093C074B15A83B7A00841051 /* SwampCard.png */ = {isa = PBXFileReference; lastKnownFileType = image.png; path = SwampCard.png; sourceTree = "<group>"; };
		093C074C15A83B7A00841051 /* UnderworldCard.png */ = {isa = PBXFileReference; lastKnownFileType = image.png; path = UnderworldCard.png; sourceTree = "<group>"; };
		093C074D15A83B7A00841051 /* WealthyCard.png */ = {isa = PBXFileReference; lastKnownFileType = image.png; path = WealthyCard.png; sourceTree = "<group>"; };
		093C074E15A83B7A00841051 /* WereCard.png */ = {isa = PBXFileReference; lastKnownFileType = image.png; path = WereCard.png; sourceTree = "<group>"; };
		093C076A15A8402300841051 /* Icon@2x.png */ = {isa = PBXFileReference; lastKnownFileType = image.png; name = "Icon@2x.png"; path = "../Icon@2x.png"; sourceTree = "<group>"; };
		093C076C15A8402600841051 /* Icon57x57.png */ = {isa = PBXFileReference; lastKnownFileType = image.png; name = Icon57x57.png; path = ../Icon57x57.png; sourceTree = "<group>"; };
		095D955915A897D800C71929 /* Barbarians_Token.png */ = {isa = PBXFileReference; lastKnownFileType = image.png; path = Barbarians_Token.png; sourceTree = "<group>"; };
		095D955A15A897D800C71929 /* Leprechauns_Token.png */ = {isa = PBXFileReference; lastKnownFileType = image.png; path = Leprechauns_Token.png; sourceTree = "<group>"; };
		095D955B15A897D800C71929 /* Pixies_Token.png */ = {isa = PBXFileReference; lastKnownFileType = image.png; path = Pixies_Token.png; sourceTree = "<group>"; };
		095D955C15A897D800C71929 /* Homunculi_Token.png */ = {isa = PBXFileReference; lastKnownFileType = image.png; path = Homunculi_Token.png; sourceTree = "<group>"; };
		095D955D15A897D800C71929 /* Pygmies_Token.png */ = {isa = PBXFileReference; lastKnownFileType = image.png; path = Pygmies_Token.png; sourceTree = "<group>"; };
		095D956415A89B0700C71929 /* HomunculiCard.png */ = {isa = PBXFileReference; lastKnownFileType = image.png; path = HomunculiCard.png; sourceTree = "<group>"; };
		095D956615A89B0700C71929 /* LeprechaunsCard.png */ = {isa = PBXFileReference; lastKnownFileType = image.png; path = LeprechaunsCard.png; sourceTree = "<group>"; };
		095D956715A89B0700C71929 /* BarbariansCard.png */ = {isa = PBXFileReference; lastKnownFileType = image.png; path = BarbariansCard.png; sourceTree = "<group>"; };
		095D956F15A89DFB00C71929 /* BarricadeCard.png */ = {isa = PBXFileReference; lastKnownFileType = image.png; path = BarricadeCard.png; sourceTree = "<group>"; };
		095D957015A89DFB00C71929 /* MercenaryCard.png */ = {isa = PBXFileReference; lastKnownFileType = image.png; path = MercenaryCard.png; sourceTree = "<group>"; };
		095D957115A89DFB00C71929 /* ImperialCard.png */ = {isa = PBXFileReference; lastKnownFileType = image.png; path = ImperialCard.png; sourceTree = "<group>"; };
		095D957215A89DFB00C71929 /* CorruptCard.png */ = {isa = PBXFileReference; lastKnownFileType = image.png; path = CorruptCard.png; sourceTree = "<group>"; };
		095D957315A89DFB00C71929 /* CatapultCard.png */ = {isa = PBXFileReference; lastKnownFileType = image.png; path = CatapultCard.png; sourceTree = "<group>"; };
		096C3BA215A8A683006E511B /* Default@2x.png */ = {isa = PBXFileReference; lastKnownFileType = image.png; path = "Default@2x.png"; sourceTree = "<group>"; };
		096C3BA415A8A685006E511B /* Default.png */ = {isa = PBXFileReference; lastKnownFileType = image.png; path = Default.png; sourceTree = "<group>"; };
		A8DF347C1597376600ABE4DB /* HBSFirstViewDetailController.h */ = {isa = PBXFileReference; fileEncoding = 4; lastKnownFileType = sourcecode.c.h; path = HBSFirstViewDetailController.h; sourceTree = "<group>"; };
		A8DF347D1597376600ABE4DB /* HBSFirstViewDetailController.m */ = {isa = PBXFileReference; fileEncoding = 4; lastKnownFileType = sourcecode.c.objc; path = HBSFirstViewDetailController.m; sourceTree = "<group>"; };
		A8E4554B1594F7330065C9FE /* SmallWorld Encyclopedia.app */ = {isa = PBXFileReference; explicitFileType = wrapper.application; includeInIndex = 0; path = "SmallWorld Encyclopedia.app"; sourceTree = BUILT_PRODUCTS_DIR; };
		A8E4554F1594F7330065C9FE /* UIKit.framework */ = {isa = PBXFileReference; lastKnownFileType = wrapper.framework; name = UIKit.framework; path = System/Library/Frameworks/UIKit.framework; sourceTree = SDKROOT; };
		A8E455511594F7330065C9FE /* Foundation.framework */ = {isa = PBXFileReference; lastKnownFileType = wrapper.framework; name = Foundation.framework; path = System/Library/Frameworks/Foundation.framework; sourceTree = SDKROOT; };
		A8E455531594F7330065C9FE /* CoreGraphics.framework */ = {isa = PBXFileReference; lastKnownFileType = wrapper.framework; name = CoreGraphics.framework; path = System/Library/Frameworks/CoreGraphics.framework; sourceTree = SDKROOT; };
		A8E455571594F7330065C9FE /* SmallWorld Encyclopedia-Info.plist */ = {isa = PBXFileReference; lastKnownFileType = text.plist.xml; path = "SmallWorld Encyclopedia-Info.plist"; sourceTree = "<group>"; };
		A8E455591594F7330065C9FE /* en */ = {isa = PBXFileReference; lastKnownFileType = text.plist.strings; name = en; path = en.lproj/InfoPlist.strings; sourceTree = "<group>"; };
		A8E4555B1594F7330065C9FE /* main.m */ = {isa = PBXFileReference; lastKnownFileType = sourcecode.c.objc; path = main.m; sourceTree = "<group>"; };
		A8E4555D1594F7330065C9FE /* SmallWorld Encyclopedia-Prefix.pch */ = {isa = PBXFileReference; lastKnownFileType = sourcecode.c.h; path = "SmallWorld Encyclopedia-Prefix.pch"; sourceTree = "<group>"; };
		A8E4555E1594F7330065C9FE /* HBSAppDelegate.h */ = {isa = PBXFileReference; lastKnownFileType = sourcecode.c.h; path = HBSAppDelegate.h; sourceTree = "<group>"; };
		A8E4555F1594F7330065C9FE /* HBSAppDelegate.m */ = {isa = PBXFileReference; lastKnownFileType = sourcecode.c.objc; path = HBSAppDelegate.m; sourceTree = "<group>"; };
		A8E455621594F7330065C9FE /* en */ = {isa = PBXFileReference; lastKnownFileType = file.storyboard; name = en; path = en.lproj/MainStoryboard.storyboard; sourceTree = "<group>"; };
		A8E455641594F7330065C9FE /* HBSFirstViewController.h */ = {isa = PBXFileReference; lastKnownFileType = sourcecode.c.h; path = HBSFirstViewController.h; sourceTree = "<group>"; };
		A8E455651594F7330065C9FE /* HBSFirstViewController.m */ = {isa = PBXFileReference; lastKnownFileType = sourcecode.c.objc; path = HBSFirstViewController.m; sourceTree = "<group>"; };
		A8E455671594F7330065C9FE /* first.png */ = {isa = PBXFileReference; lastKnownFileType = image.png; path = first.png; sourceTree = "<group>"; };
		A8E455691594F7330065C9FE /* first@2x.png */ = {isa = PBXFileReference; lastKnownFileType = image.png; path = "first@2x.png"; sourceTree = "<group>"; };
		A8E4556B1594F7330065C9FE /* HBSSecondViewController.h */ = {isa = PBXFileReference; lastKnownFileType = sourcecode.c.h; path = HBSSecondViewController.h; sourceTree = "<group>"; };
		A8E4556C1594F7330065C9FE /* HBSSecondViewController.m */ = {isa = PBXFileReference; lastKnownFileType = sourcecode.c.objc; path = HBSSecondViewController.m; sourceTree = "<group>"; };
		A8E4556E1594F7330065C9FE /* second.png */ = {isa = PBXFileReference; lastKnownFileType = image.png; path = second.png; sourceTree = "<group>"; };
		A8E455701594F7330065C9FE /* second@2x.png */ = {isa = PBXFileReference; lastKnownFileType = image.png; path = "second@2x.png"; sourceTree = "<group>"; };
		A8E4557B1594F84D0065C9FE /* Peuple.m */ = {isa = PBXFileReference; fileEncoding = 4; lastKnownFileType = sourcecode.c.objc; path = Peuple.m; sourceTree = "<group>"; };
		A8E4557C1594F84D0065C9FE /* Peuple.h */ = {isa = PBXFileReference; fileEncoding = 4; lastKnownFileType = sourcecode.c.h; path = Peuple.h; sourceTree = "<group>"; };
		A8E4557D1594F84D0065C9FE /* Peuple+Extensions.m */ = {isa = PBXFileReference; fileEncoding = 4; lastKnownFileType = sourcecode.c.objc; path = "Peuple+Extensions.m"; sourceTree = "<group>"; };
		A8E4557E1594F84D0065C9FE /* Peuple+Extensions.h */ = {isa = PBXFileReference; fileEncoding = 4; lastKnownFileType = sourcecode.c.h; path = "Peuple+Extensions.h"; sourceTree = "<group>"; };
		A8E4557F1594F84D0065C9FE /* sw_peuples.plist */ = {isa = PBXFileReference; lastKnownFileType = text.plist; path = sw_peuples.plist; sourceTree = "<group>"; };
		A8E455851594F8950065C9FE /* Model.xcdatamodel */ = {isa = PBXFileReference; lastKnownFileType = wrapper.xcdatamodel; path = Model.xcdatamodel; sourceTree = "<group>"; };
		A8E45587159503CE0065C9FE /* CoreData.framework */ = {isa = PBXFileReference; lastKnownFileType = wrapper.framework; name = CoreData.framework; path = System/Library/Frameworks/CoreData.framework; sourceTree = SDKROOT; };
		A8E4D9ED15A22551009E7966 /* sw_pouvoirs.plist */ = {isa = PBXFileReference; lastKnownFileType = text.plist; path = sw_pouvoirs.plist; sourceTree = "<group>"; };
		A8E4D9F015A225B2009E7966 /* Pouvoir.h */ = {isa = PBXFileReference; fileEncoding = 4; lastKnownFileType = sourcecode.c.h; path = Pouvoir.h; sourceTree = "<group>"; };
		A8E4D9F115A225B2009E7966 /* Pouvoir.m */ = {isa = PBXFileReference; fileEncoding = 4; lastKnownFileType = sourcecode.c.objc; path = Pouvoir.m; sourceTree = "<group>"; };
		A8E4D9F315A2265E009E7966 /* Pouvoir+Extensions.m */ = {isa = PBXFileReference; fileEncoding = 4; lastKnownFileType = sourcecode.c.objc; path = "Pouvoir+Extensions.m"; sourceTree = "<group>"; };
		A8E4D9F515A2268E009E7966 /* Pouvoir+Extensions.h */ = {isa = PBXFileReference; fileEncoding = 4; lastKnownFileType = sourcecode.c.h; path = "Pouvoir+Extensions.h"; sourceTree = "<group>"; };
/* End PBXFileReference section */

/* Begin PBXFrameworksBuildPhase section */
		A8E455481594F7330065C9FE /* Frameworks */ = {
			isa = PBXFrameworksBuildPhase;
			buildActionMask = 2147483647;
			files = (
				A8E45588159503CE0065C9FE /* CoreData.framework in Frameworks */,
				A8E455501594F7330065C9FE /* UIKit.framework in Frameworks */,
				A8E455521594F7330065C9FE /* Foundation.framework in Frameworks */,
				A8E455541594F7330065C9FE /* CoreGraphics.framework in Frameworks */,
			);
			runOnlyForDeploymentPostprocessing = 0;
		};
/* End PBXFrameworksBuildPhase section */

/* Begin PBXGroup section */
		093C06E415A828C800841051 /* tokens */ = {
			isa = PBXGroup;
			children = (
				095D955915A897D800C71929 /* Barbarians_Token.png */,
				095D955A15A897D800C71929 /* Leprechauns_Token.png */,
				095D955B15A897D800C71929 /* Pixies_Token.png */,
				095D955C15A897D800C71929 /* Homunculi_Token.png */,
				095D955D15A897D800C71929 /* Pygmies_Token.png */,
				093C06E515A828C800841051 /* Amazon_Token.png */,
				093C06E615A828C800841051 /* Dwarf_Token.png */,
				093C06E715A828C800841051 /* Elf_Token.png */,
				093C06E815A828C800841051 /* Ghoul_Token.png */,
				093C06E915A828C800841051 /* Giant_Token.png */,
				093C06EA15A828C800841051 /* Goblin_Token.png */,
				093C06EB15A828C800841051 /* Gypsy_Token.png */,
				093C06EC15A828C800841051 /* Halfling_Token.png */,
				093C06ED15A828C800841051 /* Human_Token.png */,
				093C06EE15A828C800841051 /* Kobold_Token.png */,
				093C06EF15A828C800841051 /* Orc_Token.png */,
				093C06F015A828C800841051 /* Priestress_Token.png */,
				093C06F115A828C800841051 /* Ratman_Token.png */,
				093C06F215A828C800841051 /* Skeleton_Token.png */,
				093C06F315A828C800841051 /* Sorcerer_Token.png */,
				093C06F415A828C800841051 /* Triton_Token.png */,
				093C06F515A828C800841051 /* Troll_Token.png */,
				093C06F615A828C800841051 /* WhiteLady_Token.png */,
				093C06F715A828C800841051 /* Wizard_Token.png */,
			);
			path = tokens;
			sourceTree = "<group>";
		};
		093C070C15A8329900841051 /* peuples cards */ = {
			isa = PBXGroup;
			children = (
				09269D9215B1850A00ED90DB /* ArachneesCard.png */,
				09269D9315B1850A00ED90DB /* ChampigneuxCard.png */,
				09269D9415B1850A00ED90DB /* CultistesCard.png */,
				09269D9515B1850A00ED90DB /* ElfesNoirsCard.png */,
				09269D9615B1850A00ED90DB /* FeuxFolletsCard.png */,
				09269D9715B1850A00ED90DB /* FlammesCard.png */,
				09269D9815B1850A00ED90DB /* GekkosCard.png */,
				09269D9915B1850A00ED90DB /* GnomesCard.png */,
				09269D9A15B1850A00ED90DB /* GolemsCard.png */,
				09269D9B15B1850A00ED90DB /* LichesCard.png */,
				09269D9C15B1850A00ED90DB /* MimicsCard.png */,
				09269D9D15B1850A00ED90DB /* MomiesCard.png */,
				09269D9E15B1850A00ED90DB /* NainsDeFerCard.png */,
				09269D9F15B1850A00ED90DB /* OgresCard.png */,
				09269DA015B1850A00ED90DB /* PoulpeusesCard.png */,
				0933D74415A8B153004A9523 /* PygmiesCard.png */,
				0933D74515A8B153004A9523 /* PixiesCard.png */,
				095D956415A89B0700C71929 /* HomunculiCard.png */,
				095D956615A89B0700C71929 /* LeprechaunsCard.png */,
				095D956715A89B0700C71929 /* BarbariansCard.png */,
				093C070D15A8329900841051 /* AmazonCard.png */,
				093C070E15A8329900841051 /* DwarfCard.png */,
				093C070F15A8329900841051 /* ElfCard.png */,
				093C071015A8329900841051 /* GhoulCard.png */,
				093C071115A8329900841051 /* GiantCard.png */,
				093C071215A8329900841051 /* GoblinCard.png */,
				093C071315A8329900841051 /* GypsyCard.png */,
				093C071415A8329900841051 /* HalflingCard.png */,
				093C071515A8329900841051 /* HumanCard.png */,
				093C071615A8329900841051 /* KoboldCard.png */,
				093C071715A8329900841051 /* OrcCard.png */,
				093C071815A8329900841051 /* PriestressCard.png */,
				093C071915A8329900841051 /* RatmanCard.png */,
				093C071A15A8329900841051 /* SkeletonCard.png */,
				093C071B15A8329900841051 /* SorcererCard.png */,
				093C071C15A8329900841051 /* TritonCard.png */,
				093C071D15A8329900841051 /* TrollCard.png */,
				093C071E15A8329900841051 /* WhiteLadyCard.png */,
				093C071F15A8329900841051 /* WizardCard.png */,
			);
			path = "peuples cards";
			sourceTree = "<group>";
		};
		093C073315A83B7A00841051 /* pouvoirs cards */ = {
			isa = PBXGroup;
			children = (
				095D956F15A89DFB00C71929 /* BarricadeCard.png */,
				095D957015A89DFB00C71929 /* MercenaryCard.png */,
				095D957115A89DFB00C71929 /* ImperialCard.png */,
				095D957215A89DFB00C71929 /* CorruptCard.png */,
				095D957315A89DFB00C71929 /* CatapultCard.png */,
				093C073415A83B7A00841051 /* AlchemistCard.png */,
				093C073515A83B7A00841051 /* BerserkCard.png */,
				093C073615A83B7A00841051 /* BivouackingCard.png */,
				093C073715A83B7A00841051 /* CommandoCard.png */,
				093C073815A83B7A00841051 /* CursedCard.png */,
				093C073915A83B7A00841051 /* DiplomatCard.png */,
				093C073A15A83B7A00841051 /* DragonMasterCard.png */,
				093C073B15A83B7A00841051 /* FlyingCard.png */,
				093C073C15A83B7A00841051 /* ForestCard.png */,
				093C073D15A83B7A00841051 /* FortifiedCard.png */,
				093C073E15A83B7A00841051 /* HeroicCard.png */,
				093C073F15A83B7A00841051 /* HillCard.png */,
				093C074015A83B7A00841051 /* HistorianCard.png */,
				093C074115A83B7A00841051 /* HordesOfCard.png */,
				093C074215A83B7A00841051 /* MaraudingCard.png */,
				093C074315A83B7A00841051 /* MerchantCard.png */,
				093C074415A83B7A00841051 /* MountedCard.png */,
				093C074515A83B7A00841051 /* PeaceLovingCard.png */,
				093C074615A83B7A00841051 /* PillagingCard.png */,
				093C074715A83B7A00841051 /* RansackingCard.png */,
				093C074815A83B7A00841051 /* SeafaringCard.png */,
				093C074915A83B7A00841051 /* SpiritCard.png */,
				093C074A15A83B7A00841051 /* StoutCard.png */,
				093C074B15A83B7A00841051 /* SwampCard.png */,
				093C074C15A83B7A00841051 /* UnderworldCard.png */,
				093C074D15A83B7A00841051 /* WealthyCard.png */,
				093C074E15A83B7A00841051 /* WereCard.png */,
			);
			path = "pouvoirs cards";
			sourceTree = "<group>";
		};
		A8E455401594F7330065C9FE = {
			isa = PBXGroup;
			children = (
				096C3BA415A8A685006E511B /* Default.png */,
				096C3BA215A8A683006E511B /* Default@2x.png */,
				A8E455841594F8950065C9FE /* Model.xcdatamodeld */,
				A8E455551594F7330065C9FE /* SmallWorld Encyclopedia */,
				A8E4554E1594F7330065C9FE /* Frameworks */,
				A8E4554C1594F7330065C9FE /* Products */,
			);
			sourceTree = "<group>";
		};
		A8E4554C1594F7330065C9FE /* Products */ = {
			isa = PBXGroup;
			children = (
				A8E4554B1594F7330065C9FE /* SmallWorld Encyclopedia.app */,
			);
			name = Products;
			sourceTree = "<group>";
		};
		A8E4554E1594F7330065C9FE /* Frameworks */ = {
			isa = PBXGroup;
			children = (
				A8E45587159503CE0065C9FE /* CoreData.framework */,
				A8E4554F1594F7330065C9FE /* UIKit.framework */,
				A8E455511594F7330065C9FE /* Foundation.framework */,
				A8E455531594F7330065C9FE /* CoreGraphics.framework */,
			);
			name = Frameworks;
			sourceTree = "<group>";
		};
		A8E455551594F7330065C9FE /* SmallWorld Encyclopedia */ = {
			isa = PBXGroup;
			children = (
				093C073315A83B7A00841051 /* pouvoirs cards */,
				093C070C15A8329900841051 /* peuples cards */,
				093C06E415A828C800841051 /* tokens */,
				A8E4557C1594F84D0065C9FE /* Peuple.h */,
				A8E4557B1594F84D0065C9FE /* Peuple.m */,
				A8E4557E1594F84D0065C9FE /* Peuple+Extensions.h */,
				A8E4557D1594F84D0065C9FE /* Peuple+Extensions.m */,
				A8E4D9F015A225B2009E7966 /* Pouvoir.h */,
				A8E4D9F115A225B2009E7966 /* Pouvoir.m */,
				A8E4D9F515A2268E009E7966 /* Pouvoir+Extensions.h */,
				A8E4D9F315A2265E009E7966 /* Pouvoir+Extensions.m */,
				A8E4557F1594F84D0065C9FE /* sw_peuples.plist */,
				A8E4D9ED15A22551009E7966 /* sw_pouvoirs.plist */,
				A8E455611594F7330065C9FE /* MainStoryboard.storyboard */,
				A8E4555E1594F7330065C9FE /* HBSAppDelegate.h */,
				A8E4555F1594F7330065C9FE /* HBSAppDelegate.m */,
				A8E455641594F7330065C9FE /* HBSFirstViewController.h */,
				A8E455651594F7330065C9FE /* HBSFirstViewController.m */,
				A8E4556B1594F7330065C9FE /* HBSSecondViewController.h */,
				A8E4556C1594F7330065C9FE /* HBSSecondViewController.m */,
				A8DF347C1597376600ABE4DB /* HBSFirstViewDetailController.h */,
				A8DF347D1597376600ABE4DB /* HBSFirstViewDetailController.m */,
				091949AA15A8AB11009E9AFC /* info.png */,
				A8E455671594F7330065C9FE /* first.png */,
				A8E455691594F7330065C9FE /* first@2x.png */,
				A8E4556E1594F7330065C9FE /* second.png */,
				A8E455701594F7330065C9FE /* second@2x.png */,
				093C076C15A8402600841051 /* Icon57x57.png */,
				093C076A15A8402300841051 /* Icon@2x.png */,
				A8E455561594F7330065C9FE /* Supporting Files */,
			);
			path = "SmallWorld Encyclopedia";
			sourceTree = "<group>";
		};
		A8E455561594F7330065C9FE /* Supporting Files */ = {
			isa = PBXGroup;
			children = (
				A8E455571594F7330065C9FE /* SmallWorld Encyclopedia-Info.plist */,
				A8E455581594F7330065C9FE /* InfoPlist.strings */,
				A8E4555B1594F7330065C9FE /* main.m */,
				A8E4555D1594F7330065C9FE /* SmallWorld Encyclopedia-Prefix.pch */,
			);
			name = "Supporting Files";
			sourceTree = "<group>";
		};
/* End PBXGroup section */

/* Begin PBXNativeTarget section */
		A8E4554A1594F7330065C9FE /* SmallWorld Encyclopedia */ = {
			isa = PBXNativeTarget;
			buildConfigurationList = A8E455741594F7330065C9FE /* Build configuration list for PBXNativeTarget "SmallWorld Encyclopedia" */;
			buildPhases = (
				A8E455471594F7330065C9FE /* Sources */,
				A8E455481594F7330065C9FE /* Frameworks */,
				A8E455491594F7330065C9FE /* Resources */,
			);
			buildRules = (
			);
			dependencies = (
			);
			name = "SmallWorld Encyclopedia";
			productName = "SmallWorld Encyclopedia";
			productReference = A8E4554B1594F7330065C9FE /* SmallWorld Encyclopedia.app */;
			productType = "com.apple.product-type.application";
		};
/* End PBXNativeTarget section */

/* Begin PBXProject section */
		A8E455421594F7330065C9FE /* Project object */ = {
			isa = PBXProject;
			attributes = {
				CLASSPREFIX = HBS;
				LastUpgradeCheck = 0430;
			};
			buildConfigurationList = A8E455451594F7330065C9FE /* Build configuration list for PBXProject "SmallWorld Encyclopedia" */;
			compatibilityVersion = "Xcode 3.2";
			developmentRegion = English;
			hasScannedForEncodings = 0;
			knownRegions = (
				en,
			);
			mainGroup = A8E455401594F7330065C9FE;
			productRefGroup = A8E4554C1594F7330065C9FE /* Products */;
			projectDirPath = "";
			projectRoot = "";
			targets = (
				A8E4554A1594F7330065C9FE /* SmallWorld Encyclopedia */,
			);
		};
/* End PBXProject section */

/* Begin PBXResourcesBuildPhase section */
		A8E455491594F7330065C9FE /* Resources */ = {
			isa = PBXResourcesBuildPhase;
			buildActionMask = 2147483647;
			files = (
				A8E4555A1594F7330065C9FE /* InfoPlist.strings in Resources */,
				A8E455631594F7330065C9FE /* MainStoryboard.storyboard in Resources */,
				A8E455681594F7330065C9FE /* first.png in Resources */,
				A8E4556A1594F7330065C9FE /* first@2x.png in Resources */,
				A8E4556F1594F7330065C9FE /* second.png in Resources */,
				A8E455711594F7330065C9FE /* second@2x.png in Resources */,
				A8E455821594F84D0065C9FE /* sw_peuples.plist in Resources */,
				A8E4D9EE15A22551009E7966 /* sw_pouvoirs.plist in Resources */,
				093C06F815A828C800841051 /* Amazon_Token.png in Resources */,
				093C06F915A828C800841051 /* Dwarf_Token.png in Resources */,
				093C06FA15A828C800841051 /* Elf_Token.png in Resources */,
				093C06FB15A828C800841051 /* Ghoul_Token.png in Resources */,
				093C06FC15A828C800841051 /* Giant_Token.png in Resources */,
				093C06FD15A828C800841051 /* Goblin_Token.png in Resources */,
				093C06FE15A828C800841051 /* Gypsy_Token.png in Resources */,
				093C06FF15A828C800841051 /* Halfling_Token.png in Resources */,
				093C070015A828C800841051 /* Human_Token.png in Resources */,
				093C070115A828C800841051 /* Kobold_Token.png in Resources */,
				093C070215A828C800841051 /* Orc_Token.png in Resources */,
				093C070315A828C800841051 /* Priestress_Token.png in Resources */,
				093C070415A828C800841051 /* Ratman_Token.png in Resources */,
				093C070515A828C800841051 /* Skeleton_Token.png in Resources */,
				093C070615A828C800841051 /* Sorcerer_Token.png in Resources */,
				093C070715A828C800841051 /* Triton_Token.png in Resources */,
				093C070815A828C800841051 /* Troll_Token.png in Resources */,
				093C070915A828C800841051 /* WhiteLady_Token.png in Resources */,
				093C070A15A828C800841051 /* Wizard_Token.png in Resources */,
				093C072015A8329900841051 /* AmazonCard.png in Resources */,
				093C072115A8329900841051 /* DwarfCard.png in Resources */,
				093C072215A8329900841051 /* ElfCard.png in Resources */,
				093C072315A8329900841051 /* GhoulCard.png in Resources */,
				093C072415A8329900841051 /* GiantCard.png in Resources */,
				093C072515A8329900841051 /* GoblinCard.png in Resources */,
				093C072615A8329900841051 /* GypsyCard.png in Resources */,
				093C072715A8329900841051 /* HalflingCard.png in Resources */,
				093C072815A8329900841051 /* HumanCard.png in Resources */,
				093C072915A8329900841051 /* KoboldCard.png in Resources */,
				093C072A15A8329900841051 /* OrcCard.png in Resources */,
				093C072B15A8329900841051 /* PriestressCard.png in Resources */,
				093C072C15A8329900841051 /* RatmanCard.png in Resources */,
				093C072D15A8329900841051 /* SkeletonCard.png in Resources */,
				093C072E15A8329900841051 /* SorcererCard.png in Resources */,
				093C072F15A8329900841051 /* TritonCard.png in Resources */,
				093C073015A8329900841051 /* TrollCard.png in Resources */,
				093C073115A8329900841051 /* WhiteLadyCard.png in Resources */,
				093C073215A8329900841051 /* WizardCard.png in Resources */,
				093C074F15A83B7A00841051 /* AlchemistCard.png in Resources */,
				093C075015A83B7A00841051 /* BerserkCard.png in Resources */,
				093C075115A83B7A00841051 /* BivouackingCard.png in Resources */,
				093C075215A83B7A00841051 /* CommandoCard.png in Resources */,
				093C075315A83B7A00841051 /* CursedCard.png in Resources */,
				093C075415A83B7A00841051 /* DiplomatCard.png in Resources */,
				093C075515A83B7A00841051 /* DragonMasterCard.png in Resources */,
				093C075615A83B7A00841051 /* FlyingCard.png in Resources */,
				093C075715A83B7A00841051 /* ForestCard.png in Resources */,
				093C075815A83B7A00841051 /* FortifiedCard.png in Resources */,
				093C075915A83B7A00841051 /* HeroicCard.png in Resources */,
				093C075A15A83B7A00841051 /* HillCard.png in Resources */,
				093C075B15A83B7A00841051 /* HistorianCard.png in Resources */,
				093C075C15A83B7A00841051 /* HordesOfCard.png in Resources */,
				093C075D15A83B7A00841051 /* MaraudingCard.png in Resources */,
				093C075E15A83B7A00841051 /* MerchantCard.png in Resources */,
				093C075F15A83B7A00841051 /* MountedCard.png in Resources */,
				093C076015A83B7A00841051 /* PeaceLovingCard.png in Resources */,
				093C076115A83B7A00841051 /* PillagingCard.png in Resources */,
				093C076215A83B7A00841051 /* RansackingCard.png in Resources */,
				093C076315A83B7A00841051 /* SeafaringCard.png in Resources */,
				093C076415A83B7A00841051 /* SpiritCard.png in Resources */,
				093C076515A83B7A00841051 /* StoutCard.png in Resources */,
				093C076615A83B7A00841051 /* SwampCard.png in Resources */,
				093C076715A83B7A00841051 /* UnderworldCard.png in Resources */,
				093C076815A83B7A00841051 /* WealthyCard.png in Resources */,
				093C076915A83B7A00841051 /* WereCard.png in Resources */,
				093C076B15A8402300841051 /* Icon@2x.png in Resources */,
				093C076D15A8402600841051 /* Icon57x57.png in Resources */,
				095D955E15A897D800C71929 /* Barbarians_Token.png in Resources */,
				095D955F15A897D800C71929 /* Leprechauns_Token.png in Resources */,
				095D956015A897D800C71929 /* Pixies_Token.png in Resources */,
				095D956115A897D800C71929 /* Homunculi_Token.png in Resources */,
				095D956215A897D800C71929 /* Pygmies_Token.png in Resources */,
				095D956915A89B0700C71929 /* HomunculiCard.png in Resources */,
				095D956B15A89B0700C71929 /* LeprechaunsCard.png in Resources */,
				095D956C15A89B0700C71929 /* BarbariansCard.png in Resources */,
				095D957415A89DFB00C71929 /* BarricadeCard.png in Resources */,
				095D957515A89DFB00C71929 /* MercenaryCard.png in Resources */,
				095D957615A89DFB00C71929 /* ImperialCard.png in Resources */,
				095D957715A89DFB00C71929 /* CorruptCard.png in Resources */,
				095D957815A89DFB00C71929 /* CatapultCard.png in Resources */,
				096C3BA315A8A683006E511B /* Default@2x.png in Resources */,
				096C3BA515A8A685006E511B /* Default.png in Resources */,
				091949AB15A8AB11009E9AFC /* info.png in Resources */,
				0933D74615A8B153004A9523 /* PygmiesCard.png in Resources */,
				0933D74715A8B153004A9523 /* PixiesCard.png in Resources */,
				09269DA115B1850A00ED90DB /* ArachneesCard.png in Resources */,
				09269DA215B1850A00ED90DB /* ChampigneuxCard.png in Resources */,
				09269DA315B1850A00ED90DB /* CultistesCard.png in Resources */,
				09269DA415B1850A00ED90DB /* ElfesNoirsCard.png in Resources */,
				09269DA515B1850A00ED90DB /* FeuxFolletsCard.png in Resources */,
				09269DA615B1850A00ED90DB /* FlammesCard.png in Resources */,
				09269DA715B1850A00ED90DB /* GekkosCard.png in Resources */,
				09269DA815B1850A00ED90DB /* GnomesCard.png in Resources */,
				09269DA915B1850A00ED90DB /* GolemsCard.png in Resources */,
				09269DAA15B1850A00ED90DB /* LichesCard.png in Resources */,
				09269DAB15B1850A00ED90DB /* MimicsCard.png in Resources */,
				09269DAC15B1850A00ED90DB /* MomiesCard.png in Resources */,
				09269DAD15B1850A00ED90DB /* NainsDeFerCard.png in Resources */,
				09269DAE15B1850A00ED90DB /* OgresCard.png in Resources */,
				09269DAF15B1850A00ED90DB /* PoulpeusesCard.png in Resources */,
			);
			runOnlyForDeploymentPostprocessing = 0;
		};
/* End PBXResourcesBuildPhase section */

/* Begin PBXSourcesBuildPhase section */
		A8E455471594F7330065C9FE /* Sources */ = {
			isa = PBXSourcesBuildPhase;
			buildActionMask = 2147483647;
			files = (
				A8E4555C1594F7330065C9FE /* main.m in Sources */,
				A8E455601594F7330065C9FE /* HBSAppDelegate.m in Sources */,
				A8E455661594F7330065C9FE /* HBSFirstViewController.m in Sources */,
				A8E4556D1594F7330065C9FE /* HBSSecondViewController.m in Sources */,
				A8E455801594F84D0065C9FE /* Peuple.m in Sources */,
				A8E455811594F84D0065C9FE /* Peuple+Extensions.m in Sources */,
				A8E455861594F8950065C9FE /* Model.xcdatamodeld in Sources */,
				A8DF347E1597376600ABE4DB /* HBSFirstViewDetailController.m in Sources */,
				A8E4D9F215A225B2009E7966 /* Pouvoir.m in Sources */,
				A8E4D9F415A2265E009E7966 /* Pouvoir+Extensions.m in Sources */,
			);
			runOnlyForDeploymentPostprocessing = 0;
		};
/* End PBXSourcesBuildPhase section */

/* Begin PBXVariantGroup section */
		A8E455581594F7330065C9FE /* InfoPlist.strings */ = {
			isa = PBXVariantGroup;
			children = (
				A8E455591594F7330065C9FE /* en */,
			);
			name = InfoPlist.strings;
			sourceTree = "<group>";
		};
		A8E455611594F7330065C9FE /* MainStoryboard.storyboard */ = {
			isa = PBXVariantGroup;
			children = (
				A8E455621594F7330065C9FE /* en */,
			);
			name = MainStoryboard.storyboard;
			sourceTree = "<group>";
		};
/* End PBXVariantGroup section */

/* Begin XCBuildConfiguration section */
		A8E455721594F7330065C9FE /* Debug */ = {
			isa = XCBuildConfiguration;
			buildSettings = {
				ALWAYS_SEARCH_USER_PATHS = NO;
				ARCHS = "$(ARCHS_STANDARD_32_BIT)";
				CLANG_ENABLE_OBJC_ARC = YES;
				CODE_SIGN_IDENTITY = "iPhone Developer";
				"CODE_SIGN_IDENTITY[sdk=iphoneos*]" = "iPhone Developer";
				COPY_PHASE_STRIP = NO;
				GCC_C_LANGUAGE_STANDARD = gnu99;
				GCC_DYNAMIC_NO_PIC = NO;
				GCC_OPTIMIZATION_LEVEL = 0;
				GCC_PREPROCESSOR_DEFINITIONS = (
					"DEBUG=1",
					"$(inherited)",
				);
				GCC_SYMBOLS_PRIVATE_EXTERN = NO;
				GCC_VERSION = com.apple.compilers.llvm.clang.1_0;
				GCC_WARN_ABOUT_RETURN_TYPE = YES;
				GCC_WARN_UNINITIALIZED_AUTOS = YES;
				GCC_WARN_UNUSED_VARIABLE = YES;
				IPHONEOS_DEPLOYMENT_TARGET = 5.1;
				PROVISIONING_PROFILE = "";
				SDKROOT = iphoneos;
			};
			name = Debug;
		};
		A8E455731594F7330065C9FE /* Release */ = {
			isa = XCBuildConfiguration;
			buildSettings = {
				ALWAYS_SEARCH_USER_PATHS = NO;
				ARCHS = "$(ARCHS_STANDARD_32_BIT)";
				CLANG_ENABLE_OBJC_ARC = YES;
				CODE_SIGN_IDENTITY = "iPhone Developer";
				"CODE_SIGN_IDENTITY[sdk=iphoneos*]" = "iPhone Developer";
				COPY_PHASE_STRIP = YES;
				GCC_C_LANGUAGE_STANDARD = gnu99;
				GCC_VERSION = com.apple.compilers.llvm.clang.1_0;
				GCC_WARN_ABOUT_RETURN_TYPE = YES;
				GCC_WARN_UNINITIALIZED_AUTOS = YES;
				GCC_WARN_UNUSED_VARIABLE = YES;
				IPHONEOS_DEPLOYMENT_TARGET = 5.1;
				OTHER_CFLAGS = "-DNS_BLOCK_ASSERTIONS=1";
				PROVISIONING_PROFILE = "";
				SDKROOT = iphoneos;
				VALIDATE_PRODUCT = YES;
			};
			name = Release;
		};
		A8E455751594F7330065C9FE /* Debug */ = {
			isa = XCBuildConfiguration;
			buildSettings = {
				COMPRESS_PNG_FILES = NO;
				GCC_PRECOMPILE_PREFIX_HEADER = YES;
				GCC_PREFIX_HEADER = "SmallWorld Encyclopedia/SmallWorld Encyclopedia-Prefix.pch";
				INFOPLIST_FILE = "SmallWorld Encyclopedia/SmallWorld Encyclopedia-Info.plist";
				IPHONEOS_DEPLOYMENT_TARGET = 5.1;
				PRODUCT_NAME = "$(TARGET_NAME)";
				TARGETED_DEVICE_FAMILY = 1;
				WRAPPER_EXTENSION = app;
			};
			name = Debug;
		};
		A8E455761594F7330065C9FE /* Release */ = {
			isa = XCBuildConfiguration;
			buildSettings = {
				COMPRESS_PNG_FILES = NO;
				GCC_PRECOMPILE_PREFIX_HEADER = YES;
				GCC_PREFIX_HEADER = "SmallWorld Encyclopedia/SmallWorld Encyclopedia-Prefix.pch";
				INFOPLIST_FILE = "SmallWorld Encyclopedia/SmallWorld Encyclopedia-Info.plist";
				IPHONEOS_DEPLOYMENT_TARGET = 5.1;
				PRODUCT_NAME = "$(TARGET_NAME)";
				TARGETED_DEVICE_FAMILY = 1;
				WRAPPER_EXTENSION = app;
			};
			name = Release;
		};
/* End XCBuildConfiguration section */

/* Begin XCConfigurationList section */
		A8E455451594F7330065C9FE /* Build configuration list for PBXProject "SmallWorld Encyclopedia" */ = {
			isa = XCConfigurationList;
			buildConfigurations = (
				A8E455721594F7330065C9FE /* Debug */,
				A8E455731594F7330065C9FE /* Release */,
			);
			defaultConfigurationIsVisible = 0;
			defaultConfigurationName = Release;
		};
		A8E455741594F7330065C9FE /* Build configuration list for PBXNativeTarget "SmallWorld Encyclopedia" */ = {
			isa = XCConfigurationList;
			buildConfigurations = (
				A8E455751594F7330065C9FE /* Debug */,
				A8E455761594F7330065C9FE /* Release */,
			);
			defaultConfigurationIsVisible = 0;
			defaultConfigurationName = Release;
		};
/* End XCConfigurationList section */

/* Begin XCVersionGroup section */
		A8E455841594F8950065C9FE /* Model.xcdatamodeld */ = {
			isa = XCVersionGroup;
			children = (
				A8E455851594F8950065C9FE /* Model.xcdatamodel */,
			);
			currentVersion = A8E455851594F8950065C9FE /* Model.xcdatamodel */;
			path = Model.xcdatamodeld;
			sourceTree = "<group>";
			versionGroupType = wrapper.xcdatamodel;
		};
/* End XCVersionGroup section */
	};
	rootObject = A8E455421594F7330065C9FE /* Project object */;
}
